
Microsoft Visual Studio Solution File, Format Version 12.00
# Visual Studio Version 17
VisualStudioVersion = 17.4.33213.308
MinimumVisualStudioVersion = 10.0.40219.1
Project("{FAE04EC0-301F-11D3-BF4B-00C04F79EFBC}") = "Pcalculadora", "Pcalculadora\Pcalculadora.csproj", "{489D7515-4979-4EE2-A618-0ADABE8B89A1}"
EndProject
Global
	GlobalSection(SolutionConfigurationPlatforms) = preSolution
		Debug|Any CPU = Debug|Any CPU
		Release|Any CPU = Release|Any CPU
	EndGlobalSection
	GlobalSection(ProjectConfigurationPlatforms) = postSolution
		{489D7515-4979-4EE2-A618-0ADABE8B89A1}.Debug|Any CPU.ActiveCfg = Debug|Any CPU
		{489D7515-4979-4EE2-A618-0ADABE8B89A1}.Debug|Any CPU.Build.0 = Debug|Any CPU
		{489D7515-4979-4EE2-A618-0ADABE8B89A1}.Release|Any CPU.ActiveCfg = Release|Any CPU
		{489D7515-4979-4EE2-A618-0ADABE8B89A1}.Release|Any CPU.Build.0 = Release|Any CPU
	EndGlobalSection
	GlobalSection(SolutionProperties) = preSolution
		HideSolutionNode = FALSE
	EndGlobalSection
	GlobalSection(ExtensibilityGlobals) = postSolution
		SolutionGuid = {D0F8DA77-EB0F-4955-A053-6912FCD3CCF1}
	EndGlobalSection
EndGlobal
