
Microsoft Visual Studio Solution File, Format Version 12.00
# Visual Studio Version 17
VisualStudioVersion = 17.4.33213.308
MinimumVisualStudioVersion = 10.0.40219.1
Project("{FAE04EC0-301F-11D3-BF4B-00C04F79EFBC}") = "Paliquiota", "Paliquiota\Paliquiota.csproj", "{934F48B4-B1EC-4CFE-9D11-C0664A247278}"
EndProject
Global
	GlobalSection(SolutionConfigurationPlatforms) = preSolution
		Debug|Any CPU = Debug|Any CPU
		Release|Any CPU = Release|Any CPU
	EndGlobalSection
	GlobalSection(ProjectConfigurationPlatforms) = postSolution
		{934F48B4-B1EC-4CFE-9D11-C0664A247278}.Debug|Any CPU.ActiveCfg = Debug|Any CPU
		{934F48B4-B1EC-4CFE-9D11-C0664A247278}.Debug|Any CPU.Build.0 = Debug|Any CPU
		{934F48B4-B1EC-4CFE-9D11-C0664A247278}.Release|Any CPU.ActiveCfg = Release|Any CPU
		{934F48B4-B1EC-4CFE-9D11-C0664A247278}.Release|Any CPU.Build.0 = Release|Any CPU
	EndGlobalSection
	GlobalSection(SolutionProperties) = preSolution
		HideSolutionNode = FALSE
	EndGlobalSection
	GlobalSection(ExtensibilityGlobals) = postSolution
		SolutionGuid = {956E4DFB-0570-4E3C-A9EA-03565300BB80}
	EndGlobalSection
EndGlobal
