
Microsoft Visual Studio Solution File, Format Version 12.00
# Visual Studio Version 17
VisualStudioVersion = 17.4.33213.308
MinimumVisualStudioVersion = 10.0.40219.1
Project("{FAE04EC0-301F-11D3-BF4B-00C04F79EFBC}") = "Ptriangulo", "Ptriangulo\Ptriangulo.csproj", "{F58E77CC-A709-44C6-AAAD-CBAB7F9CCFAC}"
EndProject
Global
	GlobalSection(SolutionConfigurationPlatforms) = preSolution
		Debug|Any CPU = Debug|Any CPU
		Release|Any CPU = Release|Any CPU
	EndGlobalSection
	GlobalSection(ProjectConfigurationPlatforms) = postSolution
		{F58E77CC-A709-44C6-AAAD-CBAB7F9CCFAC}.Debug|Any CPU.ActiveCfg = Debug|Any CPU
		{F58E77CC-A709-44C6-AAAD-CBAB7F9CCFAC}.Debug|Any CPU.Build.0 = Debug|Any CPU
		{F58E77CC-A709-44C6-AAAD-CBAB7F9CCFAC}.Release|Any CPU.ActiveCfg = Release|Any CPU
		{F58E77CC-A709-44C6-AAAD-CBAB7F9CCFAC}.Release|Any CPU.Build.0 = Release|Any CPU
	EndGlobalSection
	GlobalSection(SolutionProperties) = preSolution
		HideSolutionNode = FALSE
	EndGlobalSection
	GlobalSection(ExtensibilityGlobals) = postSolution
		SolutionGuid = {C1C3FCCC-E9BF-4835-99C3-AAE2BD3D2DC5}
	EndGlobalSection
EndGlobal
