
Microsoft Visual Studio Solution File, Format Version 12.00
# Visual Studio Version 16
VisualStudioVersion = 16.0.28803.916
MinimumVisualStudioVersion = 10.0.40219.1
Project("{FAE04EC0-301F-11D3-BF4B-00C04F79EFBC}") = "PMenu", "PMenu\PMenu.csproj", "{0BBBD12C-5D57-4585-A816-5AA5B3FF54FA}"
EndProject
Global
	GlobalSection(SolutionConfigurationPlatforms) = preSolution
		Debug|Any CPU = Debug|Any CPU
		Release|Any CPU = Release|Any CPU
	EndGlobalSection
	GlobalSection(ProjectConfigurationPlatforms) = postSolution
		{0BBBD12C-5D57-4585-A816-5AA5B3FF54FA}.Debug|Any CPU.ActiveCfg = Debug|Any CPU
		{0BBBD12C-5D57-4585-A816-5AA5B3FF54FA}.Debug|Any CPU.Build.0 = Debug|Any CPU
		{0BBBD12C-5D57-4585-A816-5AA5B3FF54FA}.Release|Any CPU.ActiveCfg = Release|Any CPU
		{0BBBD12C-5D57-4585-A816-5AA5B3FF54FA}.Release|Any CPU.Build.0 = Release|Any CPU
	EndGlobalSection
	GlobalSection(SolutionProperties) = preSolution
		HideSolutionNode = FALSE
	EndGlobalSection
	GlobalSection(ExtensibilityGlobals) = postSolution
		SolutionGuid = {60464474-9D9A-4850-B4F3-09BB24075180}
	EndGlobalSection
EndGlobal
